
Microsoft Visual Studio Solution File, Format Version 12.00
# Visual Studio Version 17
VisualStudioVersion = 17.9.34728.123
MinimumVisualStudioVersion = 10.0.40219.1
Project("{FAE04EC0-301F-11D3-BF4B-00C04F79EFBC}") = "exe3e3_5_CSharp", "exe3e3_5_CSharp\exe3e3_5_CSharp.csproj", "{EA76723E-CAA3-447E-A6F5-393067BF5526}"
EndProject
Global
	GlobalSection(SolutionConfigurationPlatforms) = preSolution
		Debug|Any CPU = Debug|Any CPU
		Release|Any CPU = Release|Any CPU
	EndGlobalSection
	GlobalSection(ProjectConfigurationPlatforms) = postSolution
		{EA76723E-CAA3-447E-A6F5-393067BF5526}.Debug|Any CPU.ActiveCfg = Debug|Any CPU
		{EA76723E-CAA3-447E-A6F5-393067BF5526}.Debug|Any CPU.Build.0 = Debug|Any CPU
		{EA76723E-CAA3-447E-A6F5-393067BF5526}.Release|Any CPU.ActiveCfg = Release|Any CPU
		{EA76723E-CAA3-447E-A6F5-393067BF5526}.Release|Any CPU.Build.0 = Release|Any CPU
	EndGlobalSection
	GlobalSection(SolutionProperties) = preSolution
		HideSolutionNode = FALSE
	EndGlobalSection
	GlobalSection(ExtensibilityGlobals) = postSolution
		SolutionGuid = {41D42987-F8F4-4BF9-803E-AC871AE3C4B9}
	EndGlobalSection
EndGlobal
